
Microsoft Visual Studio Solution File, Format Version 12.00
# Visual Studio Version 17
VisualStudioVersion = 17.11.35327.3
MinimumVisualStudioVersion = 10.0.40219.1
Project("{FAE04EC0-301F-11D3-BF4B-00C04F79EFBC}") = "ConsoleApp2", "ConsoleApp2.csproj", "{9ECD513C-7E7E-496B-9C82-B40D6B603C05}"
EndProject
Project("{FAE04EC0-301F-11D3-BF4B-00C04F79EFBC}") = "ConsoleApp3", "..\ConsoleApp3\ConsoleApp3.csproj", "{1182967F-22E1-48D2-A932-37CD81ED9EAC}"
EndProject
Global
	GlobalSection(SolutionConfigurationPlatforms) = preSolution
		Debug|Any CPU = Debug|Any CPU
		Release|Any CPU = Release|Any CPU
	EndGlobalSection
	GlobalSection(ProjectConfigurationPlatforms) = postSolution
		{9ECD513C-7E7E-496B-9C82-B40D6B603C05}.Debug|Any CPU.ActiveCfg = Debug|Any CPU
		{9ECD513C-7E7E-496B-9C82-B40D6B603C05}.Debug|Any CPU.Build.0 = Debug|Any CPU
		{9ECD513C-7E7E-496B-9C82-B40D6B603C05}.Release|Any CPU.ActiveCfg = Release|Any CPU
		{9ECD513C-7E7E-496B-9C82-B40D6B603C05}.Release|Any CPU.Build.0 = Release|Any CPU
		{1182967F-22E1-48D2-A932-37CD81ED9EAC}.Debug|Any CPU.ActiveCfg = Debug|Any CPU
		{1182967F-22E1-48D2-A932-37CD81ED9EAC}.Debug|Any CPU.Build.0 = Debug|Any CPU
		{1182967F-22E1-48D2-A932-37CD81ED9EAC}.Release|Any CPU.ActiveCfg = Release|Any CPU
		{1182967F-22E1-48D2-A932-37CD81ED9EAC}.Release|Any CPU.Build.0 = Release|Any CPU
	EndGlobalSection
	GlobalSection(SolutionProperties) = preSolution
		HideSolutionNode = FALSE
	EndGlobalSection
	GlobalSection(ExtensibilityGlobals) = postSolution
		SolutionGuid = {C58C2FA4-95E3-456E-886C-9E49E9471E66}
	EndGlobalSection
EndGlobal
